
Microsoft Visual Studio Solution File, Format Version 12.00
Project("{FAE04EC0-301F-11D3-BF4B-00C04F79EFBC}") = "Presentation", "Presentation\Presentation.csproj", "{4453905C-04D4-4544-BA57-E286ED6BC5AB}"
EndProject
Project("{FAE04EC0-301F-11D3-BF4B-00C04F79EFBC}") = "DataAccess", "DataAccess\DataAccess.csproj", "{334EB255-A83A-40F4-A440-0445F2E453CD}"
EndProject
Project("{FAE04EC0-301F-11D3-BF4B-00C04F79EFBC}") = "Domain", "Domain\Domain.csproj", "{F4122658-BBA6-405C-A3DC-162B1462B377}"
EndProject
Global
	GlobalSection(SolutionConfigurationPlatforms) = preSolution
		Debug|Any CPU = Debug|Any CPU
		Release|Any CPU = Release|Any CPU
	EndGlobalSection
	GlobalSection(ProjectConfigurationPlatforms) = postSolution
		{4453905C-04D4-4544-BA57-E286ED6BC5AB}.Debug|Any CPU.ActiveCfg = Debug|Any CPU
		{4453905C-04D4-4544-BA57-E286ED6BC5AB}.Debug|Any CPU.Build.0 = Debug|Any CPU
		{4453905C-04D4-4544-BA57-E286ED6BC5AB}.Release|Any CPU.ActiveCfg = Release|Any CPU
		{4453905C-04D4-4544-BA57-E286ED6BC5AB}.Release|Any CPU.Build.0 = Release|Any CPU
		{334EB255-A83A-40F4-A440-0445F2E453CD}.Debug|Any CPU.ActiveCfg = Debug|Any CPU
		{334EB255-A83A-40F4-A440-0445F2E453CD}.Debug|Any CPU.Build.0 = Debug|Any CPU
		{334EB255-A83A-40F4-A440-0445F2E453CD}.Release|Any CPU.ActiveCfg = Release|Any CPU
		{334EB255-A83A-40F4-A440-0445F2E453CD}.Release|Any CPU.Build.0 = Release|Any CPU
		{F4122658-BBA6-405C-A3DC-162B1462B377}.Debug|Any CPU.ActiveCfg = Debug|Any CPU
		{F4122658-BBA6-405C-A3DC-162B1462B377}.Debug|Any CPU.Build.0 = Debug|Any CPU
		{F4122658-BBA6-405C-A3DC-162B1462B377}.Release|Any CPU.ActiveCfg = Release|Any CPU
		{F4122658-BBA6-405C-A3DC-162B1462B377}.Release|Any CPU.Build.0 = Release|Any CPU
	EndGlobalSection
EndGlobal
